{
  "schemaVersion": "fozzylang.lock.v0",
  "dependencyGraphHash": "0c6469ed66200803f96aecc8e3b55e9ac7354d51f480bec226527d49a7ce42b4",
  "graph": {
    "package": {
      "name": "superctx",
      "version": "0.1.0",
      "manifestHash": "59246ca57efb6f2418a2c975441f9ac386d10c76f6ef4e501ae23b01a812a06d"
    },
    "deps": []
  }
}